
Microsoft Visual Studio Solution File, Format Version 12.00
# Visual Studio Version 16
VisualStudioVersion = 16.0.30503.244
MinimumVisualStudioVersion = 10.0.40219.1
Project("{8BC9CEB8-8B4A-11D0-8D11-00A0C91BC942}") = "Project01on17102020", "Project01on17102020\Project01on17102020.vcxproj", "{EBC478F0-CCF0-499B-8C47-E23EEB613593}"
EndProject
Global
	GlobalSection(SolutionConfigurationPlatforms) = preSolution
		Debug|x64 = Debug|x64
		Debug|x86 = Debug|x86
		Release|x64 = Release|x64
		Release|x86 = Release|x86
	EndGlobalSection
	GlobalSection(ProjectConfigurationPlatforms) = postSolution
		{EBC478F0-CCF0-499B-8C47-E23EEB613593}.Debug|x64.ActiveCfg = Debug|x64
		{EBC478F0-CCF0-499B-8C47-E23EEB613593}.Debug|x64.Build.0 = Debug|x64
		{EBC478F0-CCF0-499B-8C47-E23EEB613593}.Debug|x86.ActiveCfg = Debug|Win32
		{EBC478F0-CCF0-499B-8C47-E23EEB613593}.Debug|x86.Build.0 = Debug|Win32
		{EBC478F0-CCF0-499B-8C47-E23EEB613593}.Release|x64.ActiveCfg = Release|x64
		{EBC478F0-CCF0-499B-8C47-E23EEB613593}.Release|x64.Build.0 = Release|x64
		{EBC478F0-CCF0-499B-8C47-E23EEB613593}.Release|x86.ActiveCfg = Release|Win32
		{EBC478F0-CCF0-499B-8C47-E23EEB613593}.Release|x86.Build.0 = Release|Win32
	EndGlobalSection
	GlobalSection(SolutionProperties) = preSolution
		HideSolutionNode = FALSE
	EndGlobalSection
	GlobalSection(ExtensibilityGlobals) = postSolution
		SolutionGuid = {EBA04690-26E2-490F-AC36-D1D76010C2C1}
	EndGlobalSection
EndGlobal
